
Microsoft Visual Studio Solution File, Format Version 12.00
# Visual Studio Version 17
VisualStudioVersion = 17.6.33815.320
MinimumVisualStudioVersion = 10.0.40219.1
Project("{FAE04EC0-301F-11D3-BF4B-00C04F79EFBC}") = "ChallangeProject", "ChallangeProject\ChallangeProject.csproj", "{DE099DF4-36F1-419B-96A5-6496CD4B98C9}"
EndProject
Project("{FAE04EC0-301F-11D3-BF4B-00C04F79EFBC}") = "OrderLibrary", "OrderLibrary\OrderLibrary.csproj", "{59825953-C81C-44CC-B654-1B4C694A2616}"
EndProject
Project("{FAE04EC0-301F-11D3-BF4B-00C04F79EFBC}") = "OrderLibraryTest", "OrderLibraryTest\OrderLibraryTest.csproj", "{E176FBAE-49C0-46EB-91DF-43C7AE06BAEA}"
EndProject
Global
	GlobalSection(SolutionConfigurationPlatforms) = preSolution
		Debug|Any CPU = Debug|Any CPU
		Release|Any CPU = Release|Any CPU
	EndGlobalSection
	GlobalSection(ProjectConfigurationPlatforms) = postSolution
		{DE099DF4-36F1-419B-96A5-6496CD4B98C9}.Debug|Any CPU.ActiveCfg = Debug|Any CPU
		{DE099DF4-36F1-419B-96A5-6496CD4B98C9}.Debug|Any CPU.Build.0 = Debug|Any CPU
		{DE099DF4-36F1-419B-96A5-6496CD4B98C9}.Release|Any CPU.ActiveCfg = Release|Any CPU
		{DE099DF4-36F1-419B-96A5-6496CD4B98C9}.Release|Any CPU.Build.0 = Release|Any CPU
		{59825953-C81C-44CC-B654-1B4C694A2616}.Debug|Any CPU.ActiveCfg = Debug|Any CPU
		{59825953-C81C-44CC-B654-1B4C694A2616}.Debug|Any CPU.Build.0 = Debug|Any CPU
		{59825953-C81C-44CC-B654-1B4C694A2616}.Release|Any CPU.ActiveCfg = Release|Any CPU
		{59825953-C81C-44CC-B654-1B4C694A2616}.Release|Any CPU.Build.0 = Release|Any CPU
		{E176FBAE-49C0-46EB-91DF-43C7AE06BAEA}.Debug|Any CPU.ActiveCfg = Debug|Any CPU
		{E176FBAE-49C0-46EB-91DF-43C7AE06BAEA}.Debug|Any CPU.Build.0 = Debug|Any CPU
		{E176FBAE-49C0-46EB-91DF-43C7AE06BAEA}.Release|Any CPU.ActiveCfg = Release|Any CPU
		{E176FBAE-49C0-46EB-91DF-43C7AE06BAEA}.Release|Any CPU.Build.0 = Release|Any CPU
	EndGlobalSection
	GlobalSection(SolutionProperties) = preSolution
		HideSolutionNode = FALSE
	EndGlobalSection
	GlobalSection(ExtensibilityGlobals) = postSolution
		SolutionGuid = {57A54F4C-713E-4871-83D0-B9FEB44B29A6}
	EndGlobalSection
EndGlobal
